{
  "name": "wxprogram-web",
  "version": "1.0.0",
  "lockfileVersion": 2,
  "requires": true,
  "packages": {
    "": {
      "name": "wxprogram-web",
      "version": "1.0.0",
      "license": "ISC",
      "dependencies": {
        "tdesign-miniprogram": "^0.15.1"
      },
      "devDependencies": {}
    },
    "node_modules/dayjs": {
      "version": "1.11.3",
      "resolved": "https://registry.npmjs.org/dayjs/-/dayjs-1.11.3.tgz",
      "integrity": "sha512-xxwlswWOlGhzgQ4TKzASQkUhqERI3egRNqgV4ScR8wlANA/A9tZ7miXa44vTTKEq5l7vWoL5G57bG3zA+Kow0A=="
    },
    "node_modules/tdesign-miniprogram": {
      "version": "0.15.1",
      "resolved": "https://registry.npmjs.org/tdesign-miniprogram/-/tdesign-miniprogram-0.15.1.tgz",
      "integrity": "sha512-Ep8MmsgozVJMVJXJkf5IzXKue6cciksnpi82CpesthLYKrB43env+C88rhioSIx7wDHfMFDvcoNH7dgiU7QKHQ==",
      "dependencies": {
        "dayjs": "^1.10.7"
      }
    }
  },
  "dependencies": {
    "dayjs": {
      "version": "1.11.3",
      "resolved": "https://registry.npmjs.org/dayjs/-/dayjs-1.11.3.tgz",
      "integrity": "sha512-xxwlswWOlGhzgQ4TKzASQkUhqERI3egRNqgV4ScR8wlANA/A9tZ7miXa44vTTKEq5l7vWoL5G57bG3zA+Kow0A=="
    },
    "tdesign-miniprogram": {
      "version": "0.15.1",
      "resolved": "https://registry.npmjs.org/tdesign-miniprogram/-/tdesign-miniprogram-0.15.1.tgz",
      "integrity": "sha512-Ep8MmsgozVJMVJXJkf5IzXKue6cciksnpi82CpesthLYKrB43env+C88rhioSIx7wDHfMFDvcoNH7dgiU7QKHQ==",
      "requires": {
        "dayjs": "^1.10.7"
      }
    }
  }
}
